
Microsoft Visual Studio Solution File, Format Version 12.00
# Visual Studio 15
VisualStudioVersion = 15.0.26403.7
MinimumVisualStudioVersion = 10.0.40219.1
Project("{FAE04EC0-301F-11D3-BF4B-00C04F79EFBC}") = "NUnitDemo.Tests", "NUnitDemo.Tests\NUnitDemo.Tests.csproj", "{ED2F934B-FA08-4393-A7DE-459EA922C568}"
EndProject
Project("{FAE04EC0-301F-11D3-BF4B-00C04F79EFBC}") = "NUnitDemo", "NUnitDemo\NUnitDemo.csproj", "{E0A3D76A-ED47-4886-B21E-DC891065BC75}"
EndProject
Global
	GlobalSection(SolutionConfigurationPlatforms) = preSolution
		Debug|Any CPU = Debug|Any CPU
		Release|Any CPU = Release|Any CPU
	EndGlobalSection
	GlobalSection(ProjectConfigurationPlatforms) = postSolution
		{ED2F934B-FA08-4393-A7DE-459EA922C568}.Debug|Any CPU.ActiveCfg = Debug|Any CPU
		{ED2F934B-FA08-4393-A7DE-459EA922C568}.Debug|Any CPU.Build.0 = Debug|Any CPU
		{ED2F934B-FA08-4393-A7DE-459EA922C568}.Release|Any CPU.ActiveCfg = Release|Any CPU
		{ED2F934B-FA08-4393-A7DE-459EA922C568}.Release|Any CPU.Build.0 = Release|Any CPU
		{E0A3D76A-ED47-4886-B21E-DC891065BC75}.Debug|Any CPU.ActiveCfg = Debug|Any CPU
		{E0A3D76A-ED47-4886-B21E-DC891065BC75}.Debug|Any CPU.Build.0 = Debug|Any CPU
		{E0A3D76A-ED47-4886-B21E-DC891065BC75}.Release|Any CPU.ActiveCfg = Release|Any CPU
		{E0A3D76A-ED47-4886-B21E-DC891065BC75}.Release|Any CPU.Build.0 = Release|Any CPU
	EndGlobalSection
	GlobalSection(SolutionProperties) = preSolution
		HideSolutionNode = FALSE
	EndGlobalSection
EndGlobal
